
Microsoft Visual Studio Solution File, Format Version 12.00
# Visual Studio Version 17
VisualStudioVersion = 17.0.31903.59
MinimumVisualStudioVersion = 10.0.40219.1
Project("{2150E333-8FDC-42A3-9474-1A3956D46DE8}") = "src", "src", "{827E0CD3-B72D-47B6-A68D-7590B98EB39B}"
EndProject
Project("{FAE04EC0-301F-11D3-BF4B-00C04F79EFBC}") = "FinanceTracker.Domain", "src\FinanceTracker.Domain\FinanceTracker.Domain.csproj", "{829D81B9-F816-46B7-BF00-E3AA107E3694}"
EndProject
Project("{FAE04EC0-301F-11D3-BF4B-00C04F79EFBC}") = "FinanceTracker.Application", "src\FinanceTracker.Application\FinanceTracker.Application.csproj", "{DF600C38-2E36-4D5A-9DDA-966D5B394C83}"
EndProject
Project("{FAE04EC0-301F-11D3-BF4B-00C04F79EFBC}") = "FinanceTracker.Infrastructure", "src\FinanceTracker.Infrastructure\FinanceTracker.Infrastructure.csproj", "{E0ECF66C-156C-4C68-86A1-5F603EF7A59C}"
EndProject
Project("{FAE04EC0-301F-11D3-BF4B-00C04F79EFBC}") = "FinanceTracker.API", "src\FinanceTracker.API\FinanceTracker.API.csproj", "{051C13FC-DFBB-49B2-8656-5EBC6B17731D}"
EndProject
Project("{2150E333-8FDC-42A3-9474-1A3956D46DE8}") = "tests", "tests", "{0AB3BF05-4346-4AA6-1389-037BE0695223}"
EndProject
Project("{FAE04EC0-301F-11D3-BF4B-00C04F79EFBC}") = "FinanceTracker.Domain.Tests", "tests\FinanceTracker.Domain.Tests\FinanceTracker.Domain.Tests.csproj", "{B0126AF8-EC12-41C5-9A83-AF007F61F386}"
EndProject
Project("{FAE04EC0-301F-11D3-BF4B-00C04F79EFBC}") = "FinanceTracker.Application.Tests", "tests\FinanceTracker.Application.Tests\FinanceTracker.Application.Tests.csproj", "{56220903-00B5-4215-8114-BEF28F934AE2}"
EndProject
Project("{FAE04EC0-301F-11D3-BF4B-00C04F79EFBC}") = "FinanceTracker.API.Tests", "tests\FinanceTracker.API.Tests\FinanceTracker.API.Tests.csproj", "{F82BA737-9D13-430D-917B-C5DB72C273FD}"
EndProject
Global
	GlobalSection(SolutionConfigurationPlatforms) = preSolution
		Debug|Any CPU = Debug|Any CPU
		Debug|x64 = Debug|x64
		Debug|x86 = Debug|x86
		Release|Any CPU = Release|Any CPU
		Release|x64 = Release|x64
		Release|x86 = Release|x86
	EndGlobalSection
	GlobalSection(ProjectConfigurationPlatforms) = postSolution
		{829D81B9-F816-46B7-BF00-E3AA107E3694}.Debug|Any CPU.ActiveCfg = Debug|Any CPU
		{829D81B9-F816-46B7-BF00-E3AA107E3694}.Debug|Any CPU.Build.0 = Debug|Any CPU
		{829D81B9-F816-46B7-BF00-E3AA107E3694}.Debug|x64.ActiveCfg = Debug|Any CPU
		{829D81B9-F816-46B7-BF00-E3AA107E3694}.Debug|x64.Build.0 = Debug|Any CPU
		{829D81B9-F816-46B7-BF00-E3AA107E3694}.Debug|x86.ActiveCfg = Debug|Any CPU
		{829D81B9-F816-46B7-BF00-E3AA107E3694}.Debug|x86.Build.0 = Debug|Any CPU
		{829D81B9-F816-46B7-BF00-E3AA107E3694}.Release|Any CPU.ActiveCfg = Release|Any CPU
		{829D81B9-F816-46B7-BF00-E3AA107E3694}.Release|Any CPU.Build.0 = Release|Any CPU
		{829D81B9-F816-46B7-BF00-E3AA107E3694}.Release|x64.ActiveCfg = Release|Any CPU
		{829D81B9-F816-46B7-BF00-E3AA107E3694}.Release|x64.Build.0 = Release|Any CPU
		{829D81B9-F816-46B7-BF00-E3AA107E3694}.Release|x86.ActiveCfg = Release|Any CPU
		{829D81B9-F816-46B7-BF00-E3AA107E3694}.Release|x86.Build.0 = Release|Any CPU
		{DF600C38-2E36-4D5A-9DDA-966D5B394C83}.Debug|Any CPU.ActiveCfg = Debug|Any CPU
		{DF600C38-2E36-4D5A-9DDA-966D5B394C83}.Debug|Any CPU.Build.0 = Debug|Any CPU
		{DF600C38-2E36-4D5A-9DDA-966D5B394C83}.Debug|x64.ActiveCfg = Debug|Any CPU
		{DF600C38-2E36-4D5A-9DDA-966D5B394C83}.Debug|x64.Build.0 = Debug|Any CPU
		{DF600C38-2E36-4D5A-9DDA-966D5B394C83}.Debug|x86.ActiveCfg = Debug|Any CPU
		{DF600C38-2E36-4D5A-9DDA-966D5B394C83}.Debug|x86.Build.0 = Debug|Any CPU
		{DF600C38-2E36-4D5A-9DDA-966D5B394C83}.Release|Any CPU.ActiveCfg = Release|Any CPU
		{DF600C38-2E36-4D5A-9DDA-966D5B394C83}.Release|Any CPU.Build.0 = Release|Any CPU
		{DF600C38-2E36-4D5A-9DDA-966D5B394C83}.Release|x64.ActiveCfg = Release|Any CPU
		{DF600C38-2E36-4D5A-9DDA-966D5B394C83}.Release|x64.Build.0 = Release|Any CPU
		{DF600C38-2E36-4D5A-9DDA-966D5B394C83}.Release|x86.ActiveCfg = Release|Any CPU
		{DF600C38-2E36-4D5A-9DDA-966D5B394C83}.Release|x86.Build.0 = Release|Any CPU
		{E0ECF66C-156C-4C68-86A1-5F603EF7A59C}.Debug|Any CPU.ActiveCfg = Debug|Any CPU
		{E0ECF66C-156C-4C68-86A1-5F603EF7A59C}.Debug|Any CPU.Build.0 = Debug|Any CPU
		{E0ECF66C-156C-4C68-86A1-5F603EF7A59C}.Debug|x64.ActiveCfg = Debug|Any CPU
		{E0ECF66C-156C-4C68-86A1-5F603EF7A59C}.Debug|x64.Build.0 = Debug|Any CPU
		{E0ECF66C-156C-4C68-86A1-5F603EF7A59C}.Debug|x86.ActiveCfg = Debug|Any CPU
		{E0ECF66C-156C-4C68-86A1-5F603EF7A59C}.Debug|x86.Build.0 = Debug|Any CPU
		{E0ECF66C-156C-4C68-86A1-5F603EF7A59C}.Release|Any CPU.ActiveCfg = Release|Any CPU
		{E0ECF66C-156C-4C68-86A1-5F603EF7A59C}.Release|Any CPU.Build.0 = Release|Any CPU
		{E0ECF66C-156C-4C68-86A1-5F603EF7A59C}.Release|x64.ActiveCfg = Release|Any CPU
		{E0ECF66C-156C-4C68-86A1-5F603EF7A59C}.Release|x64.Build.0 = Release|Any CPU
		{E0ECF66C-156C-4C68-86A1-5F603EF7A59C}.Release|x86.ActiveCfg = Release|Any CPU
		{E0ECF66C-156C-4C68-86A1-5F603EF7A59C}.Release|x86.Build.0 = Release|Any CPU
		{051C13FC-DFBB-49B2-8656-5EBC6B17731D}.Debug|Any CPU.ActiveCfg = Debug|Any CPU
		{051C13FC-DFBB-49B2-8656-5EBC6B17731D}.Debug|Any CPU.Build.0 = Debug|Any CPU
		{051C13FC-DFBB-49B2-8656-5EBC6B17731D}.Debug|x64.ActiveCfg = Debug|Any CPU
		{051C13FC-DFBB-49B2-8656-5EBC6B17731D}.Debug|x64.Build.0 = Debug|Any CPU
		{051C13FC-DFBB-49B2-8656-5EBC6B17731D}.Debug|x86.ActiveCfg = Debug|Any CPU
		{051C13FC-DFBB-49B2-8656-5EBC6B17731D}.Debug|x86.Build.0 = Debug|Any CPU
		{051C13FC-DFBB-49B2-8656-5EBC6B17731D}.Release|Any CPU.ActiveCfg = Release|Any CPU
		{051C13FC-DFBB-49B2-8656-5EBC6B17731D}.Release|Any CPU.Build.0 = Release|Any CPU
		{051C13FC-DFBB-49B2-8656-5EBC6B17731D}.Release|x64.ActiveCfg = Release|Any CPU
		{051C13FC-DFBB-49B2-8656-5EBC6B17731D}.Release|x64.Build.0 = Release|Any CPU
		{051C13FC-DFBB-49B2-8656-5EBC6B17731D}.Release|x86.ActiveCfg = Release|Any CPU
		{051C13FC-DFBB-49B2-8656-5EBC6B17731D}.Release|x86.Build.0 = Release|Any CPU
		{B0126AF8-EC12-41C5-9A83-AF007F61F386}.Debug|Any CPU.ActiveCfg = Debug|Any CPU
		{B0126AF8-EC12-41C5-9A83-AF007F61F386}.Debug|Any CPU.Build.0 = Debug|Any CPU
		{B0126AF8-EC12-41C5-9A83-AF007F61F386}.Debug|x64.ActiveCfg = Debug|Any CPU
		{B0126AF8-EC12-41C5-9A83-AF007F61F386}.Debug|x64.Build.0 = Debug|Any CPU
		{B0126AF8-EC12-41C5-9A83-AF007F61F386}.Debug|x86.ActiveCfg = Debug|Any CPU
		{B0126AF8-EC12-41C5-9A83-AF007F61F386}.Debug|x86.Build.0 = Debug|Any CPU
		{B0126AF8-EC12-41C5-9A83-AF007F61F386}.Release|Any CPU.ActiveCfg = Release|Any CPU
		{B0126AF8-EC12-41C5-9A83-AF007F61F386}.Release|Any CPU.Build.0 = Release|Any CPU
		{B0126AF8-EC12-41C5-9A83-AF007F61F386}.Release|x64.ActiveCfg = Release|Any CPU
		{B0126AF8-EC12-41C5-9A83-AF007F61F386}.Release|x64.Build.0 = Release|Any CPU
		{B0126AF8-EC12-41C5-9A83-AF007F61F386}.Release|x86.ActiveCfg = Release|Any CPU
		{B0126AF8-EC12-41C5-9A83-AF007F61F386}.Release|x86.Build.0 = Release|Any CPU
		{56220903-00B5-4215-8114-BEF28F934AE2}.Debug|Any CPU.ActiveCfg = Debug|Any CPU
		{56220903-00B5-4215-8114-BEF28F934AE2}.Debug|Any CPU.Build.0 = Debug|Any CPU
		{56220903-00B5-4215-8114-BEF28F934AE2}.Debug|x64.ActiveCfg = Debug|Any CPU
		{56220903-00B5-4215-8114-BEF28F934AE2}.Debug|x64.Build.0 = Debug|Any CPU
		{56220903-00B5-4215-8114-BEF28F934AE2}.Debug|x86.ActiveCfg = Debug|Any CPU
		{56220903-00B5-4215-8114-BEF28F934AE2}.Debug|x86.Build.0 = Debug|Any CPU
		{56220903-00B5-4215-8114-BEF28F934AE2}.Release|Any CPU.ActiveCfg = Release|Any CPU
		{56220903-00B5-4215-8114-BEF28F934AE2}.Release|Any CPU.Build.0 = Release|Any CPU
		{56220903-00B5-4215-8114-BEF28F934AE2}.Release|x64.ActiveCfg = Release|Any CPU
		{56220903-00B5-4215-8114-BEF28F934AE2}.Release|x64.Build.0 = Release|Any CPU
		{56220903-00B5-4215-8114-BEF28F934AE2}.Release|x86.ActiveCfg = Release|Any CPU
		{56220903-00B5-4215-8114-BEF28F934AE2}.Release|x86.Build.0 = Release|Any CPU
		{F82BA737-9D13-430D-917B-C5DB72C273FD}.Debug|Any CPU.ActiveCfg = Debug|Any CPU
		{F82BA737-9D13-430D-917B-C5DB72C273FD}.Debug|Any CPU.Build.0 = Debug|Any CPU
		{F82BA737-9D13-430D-917B-C5DB72C273FD}.Debug|x64.ActiveCfg = Debug|Any CPU
		{F82BA737-9D13-430D-917B-C5DB72C273FD}.Debug|x64.Build.0 = Debug|Any CPU
		{F82BA737-9D13-430D-917B-C5DB72C273FD}.Debug|x86.ActiveCfg = Debug|Any CPU
		{F82BA737-9D13-430D-917B-C5DB72C273FD}.Debug|x86.Build.0 = Debug|Any CPU
		{F82BA737-9D13-430D-917B-C5DB72C273FD}.Release|Any CPU.ActiveCfg = Release|Any CPU
		{F82BA737-9D13-430D-917B-C5DB72C273FD}.Release|Any CPU.Build.0 = Release|Any CPU
		{F82BA737-9D13-430D-917B-C5DB72C273FD}.Release|x64.ActiveCfg = Release|Any CPU
		{F82BA737-9D13-430D-917B-C5DB72C273FD}.Release|x64.Build.0 = Release|Any CPU
		{F82BA737-9D13-430D-917B-C5DB72C273FD}.Release|x86.ActiveCfg = Release|Any CPU
		{F82BA737-9D13-430D-917B-C5DB72C273FD}.Release|x86.Build.0 = Release|Any CPU
	EndGlobalSection
	GlobalSection(SolutionProperties) = preSolution
		HideSolutionNode = FALSE
	EndGlobalSection
	GlobalSection(NestedProjects) = preSolution
		{829D81B9-F816-46B7-BF00-E3AA107E3694} = {827E0CD3-B72D-47B6-A68D-7590B98EB39B}
		{DF600C38-2E36-4D5A-9DDA-966D5B394C83} = {827E0CD3-B72D-47B6-A68D-7590B98EB39B}
		{E0ECF66C-156C-4C68-86A1-5F603EF7A59C} = {827E0CD3-B72D-47B6-A68D-7590B98EB39B}
		{051C13FC-DFBB-49B2-8656-5EBC6B17731D} = {827E0CD3-B72D-47B6-A68D-7590B98EB39B}
		{B0126AF8-EC12-41C5-9A83-AF007F61F386} = {0AB3BF05-4346-4AA6-1389-037BE0695223}
		{56220903-00B5-4215-8114-BEF28F934AE2} = {0AB3BF05-4346-4AA6-1389-037BE0695223}
		{F82BA737-9D13-430D-917B-C5DB72C273FD} = {0AB3BF05-4346-4AA6-1389-037BE0695223}
	EndGlobalSection
EndGlobal
